{
  "name": "website",
  "lockfileVersion": 2,
  "requires": true,
  "packages": {
    "": {
      "dependencies": {
        "@sendgrid/mail": "^7.4.6",
        "airtable": "^0.11.1"
      }
    },
    "node_modules/@sendgrid/client": {
      "version": "7.4.6",
      "resolved": "https://registry.npmjs.org/@sendgrid/client/-/client-7.4.6.tgz",
      "integrity": "sha512-g3vjDyN1hDTKwPe9THGNuf4HKkx+cC3dSOM7SM88Pg6Q9SRI+GDGzsdnGRfFFpsdHBVVrHCSk0n2f4YZVCv4zA==",
      "dependencies": {
        "@sendgrid/helpers": "^7.4.6",
        "axios": "^0.21.1"
      },
      "engines": {
        "node": "6.* || 8.* || >=10.*"
      }
    },
    "node_modules/@sendgrid/helpers": {
      "version": "7.4.6",
      "resolved": "https://registry.npmjs.org/@sendgrid/helpers/-/helpers-7.4.6.tgz",
      "integrity": "sha512-Vvt4d60fkU/DPSwMyxXtlnbw4/B+5Y9eeYnygTxhmw8TNzUhdPphr7SaRSperWJ8P1VeQZzobvQNyMj5E7A3UA==",
      "dependencies": {
        "deepmerge": "^4.2.2"
      },
      "engines": {
        "node": ">= 6.0.0"
      }
    },
    "node_modules/@sendgrid/mail": {
      "version": "7.4.6",
      "resolved": "https://registry.npmjs.org/@sendgrid/mail/-/mail-7.4.6.tgz",
      "integrity": "sha512-1HTW5Iu1oKw5r8cltAPfVFbaJjjIrWmYR8WP0I8br01ImUhy1/42vGCVl6QWkPP6pcAfsWNIrjSPx20ZcVNvVQ==",
      "dependencies": {
        "@sendgrid/client": "^7.4.6",
        "@sendgrid/helpers": "^7.4.6"
      },
      "engines": {
        "node": "6.* || 8.* || >=10.*"
      }
    },
    "node_modules/@types/node": {
      "version": "14.17.5",
      "resolved": "https://registry.npmjs.org/@types/node/-/node-14.17.5.tgz",
      "integrity": "sha512-bjqH2cX/O33jXT/UmReo2pM7DIJREPMnarixbQ57DOOzzFaI6D2+IcwaJQaJpv0M1E9TIhPCYVxrkcityLjlqA=="
    },
    "node_modules/abort-controller": {
      "version": "3.0.0",
      "resolved": "https://registry.npmjs.org/abort-controller/-/abort-controller-3.0.0.tgz",
      "integrity": "sha512-h8lQ8tacZYnR3vNQTgibj+tODHI5/+l06Au2Pcriv/Gmet0eaj4TwWH41sO9wnHDiQsEj19q0drzdWdeAHtweg==",
      "dependencies": {
        "event-target-shim": "^5.0.0"
      },
      "engines": {
        "node": ">=6.5"
      }
    },
    "node_modules/abortcontroller-polyfill": {
      "version": "1.7.3",
      "resolved": "https://registry.npmjs.org/abortcontroller-polyfill/-/abortcontroller-polyfill-1.7.3.tgz",
      "integrity": "sha512-zetDJxd89y3X99Kvo4qFx8GKlt6GsvN3UcRZHwU6iFA/0KiOmhkTVhe8oRoTBiTVPZu09x3vCra47+w8Yz1+2Q=="
    },
    "node_modules/airtable": {
      "version": "0.11.1",
      "resolved": "https://registry.npmjs.org/airtable/-/airtable-0.11.1.tgz",
      "integrity": "sha512-33zBuUDhLl+FWWAFxFjS1a+vJr/b+UK//EV943nuiimChWph6YykQjYPmu/GucQ30g7mgaqq+98uPD4rfDHOgg==",
      "dependencies": {
        "@types/node": ">=8.0.0 <15",
        "abort-controller": "^3.0.0",
        "abortcontroller-polyfill": "^1.4.0",
        "lodash": "^4.17.21",
        "node-fetch": "^2.6.1"
      },
      "engines": {
        "node": ">=8.0.0"
      }
    },
    "node_modules/axios": {
      "version": "0.21.4",
      "resolved": "https://registry.npmjs.org/axios/-/axios-0.21.4.tgz",
      "integrity": "sha512-ut5vewkiu8jjGBdqpM44XxjuCjq9LAKeHVmoVfHVzy8eHgxxq8SbAVQNovDA8mVi05kP0Ea/n/UzcSHcTJQfNg==",
      "dependencies": {
        "follow-redirects": "^1.14.0"
      }
    },
    "node_modules/deepmerge": {
      "version": "4.2.2",
      "resolved": "https://registry.npmjs.org/deepmerge/-/deepmerge-4.2.2.tgz",
      "integrity": "sha512-FJ3UgI4gIl+PHZm53knsuSFpE+nESMr7M4v9QcgB7S63Kj/6WqMiFQJpBBYz1Pt+66bZpP3Q7Lye0Oo9MPKEdg==",
      "engines": {
        "node": ">=0.10.0"
      }
    },
    "node_modules/event-target-shim": {
      "version": "5.0.1",
      "resolved": "https://registry.npmjs.org/event-target-shim/-/event-target-shim-5.0.1.tgz",
      "integrity": "sha512-i/2XbnSz/uxRCU6+NdVJgKWDTM427+MqYbkQzD321DuCQJUqOuJKIA0IM2+W2xtYHdKOmZ4dR6fExsd4SXL+WQ==",
      "engines": {
        "node": ">=6"
      }
    },
    "node_modules/follow-redirects": {
      "version": "1.14.3",
      "resolved": "https://registry.npmjs.org/follow-redirects/-/follow-redirects-1.14.3.tgz",
      "integrity": "sha512-3MkHxknWMUtb23apkgz/83fDoe+y+qr0TdgacGIA7bew+QLBo3vdgEN2xEsuXNivpFy4CyDhBBZnNZOtalmenw==",
      "funding": [
        {
          "type": "individual",
          "url": "https://github.com/sponsors/RubenVerborgh"
        }
      ],
      "engines": {
        "node": ">=4.0"
      },
      "peerDependenciesMeta": {
        "debug": {
          "optional": true
        }
      }
    },
    "node_modules/lodash": {
      "version": "4.17.21",
      "resolved": "https://registry.npmjs.org/lodash/-/lodash-4.17.21.tgz",
      "integrity": "sha512-v2kDEe57lecTulaDIuNTPy3Ry4gLGJ6Z1O3vE1krgXZNrsQ+LFTGHVxVjcXPs17LhbZVGedAJv8XZ1tvj5FvSg=="
    },
    "node_modules/node-fetch": {
      "version": "2.6.1",
      "resolved": "https://registry.npmjs.org/node-fetch/-/node-fetch-2.6.1.tgz",
      "integrity": "sha512-V4aYg89jEoVRxRb2fJdAg8FHvI7cEyYdVAh94HH0UIK8oJxUfkjlDQN9RbMx+bEjP7+ggMiFRprSti032Oipxw==",
      "engines": {
        "node": "4.x || >=6.0.0"
      }
    }
  },
  "dependencies": {
    "@sendgrid/client": {
      "version": "7.4.6",
      "resolved": "https://registry.npmjs.org/@sendgrid/client/-/client-7.4.6.tgz",
      "integrity": "sha512-g3vjDyN1hDTKwPe9THGNuf4HKkx+cC3dSOM7SM88Pg6Q9SRI+GDGzsdnGRfFFpsdHBVVrHCSk0n2f4YZVCv4zA==",
      "requires": {
        "@sendgrid/helpers": "^7.4.6",
        "axios": "^0.21.1"
      }
    },
    "@sendgrid/helpers": {
      "version": "7.4.6",
      "resolved": "https://registry.npmjs.org/@sendgrid/helpers/-/helpers-7.4.6.tgz",
      "integrity": "sha512-Vvt4d60fkU/DPSwMyxXtlnbw4/B+5Y9eeYnygTxhmw8TNzUhdPphr7SaRSperWJ8P1VeQZzobvQNyMj5E7A3UA==",
      "requires": {
        "deepmerge": "^4.2.2"
      }
    },
    "@sendgrid/mail": {
      "version": "7.4.6",
      "resolved": "https://registry.npmjs.org/@sendgrid/mail/-/mail-7.4.6.tgz",
      "integrity": "sha512-1HTW5Iu1oKw5r8cltAPfVFbaJjjIrWmYR8WP0I8br01ImUhy1/42vGCVl6QWkPP6pcAfsWNIrjSPx20ZcVNvVQ==",
      "requires": {
        "@sendgrid/client": "^7.4.6",
        "@sendgrid/helpers": "^7.4.6"
      }
    },
    "@types/node": {
      "version": "14.17.5",
      "resolved": "https://registry.npmjs.org/@types/node/-/node-14.17.5.tgz",
      "integrity": "sha512-bjqH2cX/O33jXT/UmReo2pM7DIJREPMnarixbQ57DOOzzFaI6D2+IcwaJQaJpv0M1E9TIhPCYVxrkcityLjlqA=="
    },
    "abort-controller": {
      "version": "3.0.0",
      "resolved": "https://registry.npmjs.org/abort-controller/-/abort-controller-3.0.0.tgz",
      "integrity": "sha512-h8lQ8tacZYnR3vNQTgibj+tODHI5/+l06Au2Pcriv/Gmet0eaj4TwWH41sO9wnHDiQsEj19q0drzdWdeAHtweg==",
      "requires": {
        "event-target-shim": "^5.0.0"
      }
    },
    "abortcontroller-polyfill": {
      "version": "1.7.3",
      "resolved": "https://registry.npmjs.org/abortcontroller-polyfill/-/abortcontroller-polyfill-1.7.3.tgz",
      "integrity": "sha512-zetDJxd89y3X99Kvo4qFx8GKlt6GsvN3UcRZHwU6iFA/0KiOmhkTVhe8oRoTBiTVPZu09x3vCra47+w8Yz1+2Q=="
    },
    "airtable": {
      "version": "0.11.1",
      "resolved": "https://registry.npmjs.org/airtable/-/airtable-0.11.1.tgz",
      "integrity": "sha512-33zBuUDhLl+FWWAFxFjS1a+vJr/b+UK//EV943nuiimChWph6YykQjYPmu/GucQ30g7mgaqq+98uPD4rfDHOgg==",
      "requires": {
        "@types/node": ">=8.0.0 <15",
        "abort-controller": "^3.0.0",
        "abortcontroller-polyfill": "^1.4.0",
        "lodash": "^4.17.21",
        "node-fetch": "^2.6.1"
      }
    },
    "axios": {
      "version": "0.21.4",
      "resolved": "https://registry.npmjs.org/axios/-/axios-0.21.4.tgz",
      "integrity": "sha512-ut5vewkiu8jjGBdqpM44XxjuCjq9LAKeHVmoVfHVzy8eHgxxq8SbAVQNovDA8mVi05kP0Ea/n/UzcSHcTJQfNg==",
      "requires": {
        "follow-redirects": "^1.14.0"
      }
    },
    "deepmerge": {
      "version": "4.2.2",
      "resolved": "https://registry.npmjs.org/deepmerge/-/deepmerge-4.2.2.tgz",
      "integrity": "sha512-FJ3UgI4gIl+PHZm53knsuSFpE+nESMr7M4v9QcgB7S63Kj/6WqMiFQJpBBYz1Pt+66bZpP3Q7Lye0Oo9MPKEdg=="
    },
    "event-target-shim": {
      "version": "5.0.1",
      "resolved": "https://registry.npmjs.org/event-target-shim/-/event-target-shim-5.0.1.tgz",
      "integrity": "sha512-i/2XbnSz/uxRCU6+NdVJgKWDTM427+MqYbkQzD321DuCQJUqOuJKIA0IM2+W2xtYHdKOmZ4dR6fExsd4SXL+WQ=="
    },
    "follow-redirects": {
      "version": "1.14.3",
      "resolved": "https://registry.npmjs.org/follow-redirects/-/follow-redirects-1.14.3.tgz",
      "integrity": "sha512-3MkHxknWMUtb23apkgz/83fDoe+y+qr0TdgacGIA7bew+QLBo3vdgEN2xEsuXNivpFy4CyDhBBZnNZOtalmenw=="
    },
    "lodash": {
      "version": "4.17.21",
      "resolved": "https://registry.npmjs.org/lodash/-/lodash-4.17.21.tgz",
      "integrity": "sha512-v2kDEe57lecTulaDIuNTPy3Ry4gLGJ6Z1O3vE1krgXZNrsQ+LFTGHVxVjcXPs17LhbZVGedAJv8XZ1tvj5FvSg=="
    },
    "node-fetch": {
      "version": "2.6.1",
      "resolved": "https://registry.npmjs.org/node-fetch/-/node-fetch-2.6.1.tgz",
      "integrity": "sha512-V4aYg89jEoVRxRb2fJdAg8FHvI7cEyYdVAh94HH0UIK8oJxUfkjlDQN9RbMx+bEjP7+ggMiFRprSti032Oipxw=="
    }
  }
}
